
Microsoft Visual Studio Solution File, Format Version 12.00
# Visual Studio Version 17
VisualStudioVersion = 17.0.31903.59
MinimumVisualStudioVersion = 10.0.40219.1
Project("{FAE04EC0-301F-11D3-BF4B-00C04F79EFBC}") = "IsPalindrome", "IsPalindrome\IsPalindrome.csproj", "{41633C53-22EE-4D7E-8945-D1BDF73ABDAD}"
EndProject
Project("{FAE04EC0-301F-11D3-BF4B-00C04F79EFBC}") = "ReverseInteger", "ReverseInteger\ReverseInteger.csproj", "{DFE92215-3A1E-4B4E-88BB-A6BC581AC93E}"
EndProject
Project("{FAE04EC0-301F-11D3-BF4B-00C04F79EFBC}") = "ValidParentheses", "ValidParentheses\ValidParentheses.csproj", "{AAF2D46D-1D22-4D1E-8F80-55209B70B33E}"
EndProject
Project("{FAE04EC0-301F-11D3-BF4B-00C04F79EFBC}") = "MergeTwoLinkedLists", "MergeTwoLinkedLists\MergeTwoLinkedLists.csproj", "{6ED7E6F2-158F-44C2-8D60-F74198F6EF00}"
EndProject
Project("{FAE04EC0-301F-11D3-BF4B-00C04F79EFBC}") = "RemoveDuplicates", "RemoveDuplicates\RemoveDuplicates.csproj", "{347B9043-0E5F-4133-B81D-D4675DCF3B76}"
EndProject
Project("{FAE04EC0-301F-11D3-BF4B-00C04F79EFBC}") = "RemoveElement", "RemoveElement\RemoveElement.csproj", "{764B59B4-4C8D-4D71-B003-9ED5589430D8}"
EndProject
Project("{FAE04EC0-301F-11D3-BF4B-00C04F79EFBC}") = "RomanToInt", "RomanToInt\RomanToInt.csproj", "{C714DD4E-EE9D-4E3A-B541-A8A99A0A77E1}"
EndProject
Project("{FAE04EC0-301F-11D3-BF4B-00C04F79EFBC}") = "LongestCommonPrefix", "LongestCommonPrefix\LongestCommonPrefix.csproj", "{16F5028C-44CA-4518-8655-D4A80C22B9DD}"
EndProject
Global
	GlobalSection(SolutionConfigurationPlatforms) = preSolution
		Debug|Any CPU = Debug|Any CPU
		Debug|x64 = Debug|x64
		Debug|x86 = Debug|x86
		Release|Any CPU = Release|Any CPU
		Release|x64 = Release|x64
		Release|x86 = Release|x86
	EndGlobalSection
	GlobalSection(ProjectConfigurationPlatforms) = postSolution
		{41633C53-22EE-4D7E-8945-D1BDF73ABDAD}.Debug|Any CPU.ActiveCfg = Debug|Any CPU
		{41633C53-22EE-4D7E-8945-D1BDF73ABDAD}.Debug|Any CPU.Build.0 = Debug|Any CPU
		{41633C53-22EE-4D7E-8945-D1BDF73ABDAD}.Debug|x64.ActiveCfg = Debug|Any CPU
		{41633C53-22EE-4D7E-8945-D1BDF73ABDAD}.Debug|x64.Build.0 = Debug|Any CPU
		{41633C53-22EE-4D7E-8945-D1BDF73ABDAD}.Debug|x86.ActiveCfg = Debug|Any CPU
		{41633C53-22EE-4D7E-8945-D1BDF73ABDAD}.Debug|x86.Build.0 = Debug|Any CPU
		{41633C53-22EE-4D7E-8945-D1BDF73ABDAD}.Release|Any CPU.ActiveCfg = Release|Any CPU
		{41633C53-22EE-4D7E-8945-D1BDF73ABDAD}.Release|Any CPU.Build.0 = Release|Any CPU
		{41633C53-22EE-4D7E-8945-D1BDF73ABDAD}.Release|x64.ActiveCfg = Release|Any CPU
		{41633C53-22EE-4D7E-8945-D1BDF73ABDAD}.Release|x64.Build.0 = Release|Any CPU
		{41633C53-22EE-4D7E-8945-D1BDF73ABDAD}.Release|x86.ActiveCfg = Release|Any CPU
		{41633C53-22EE-4D7E-8945-D1BDF73ABDAD}.Release|x86.Build.0 = Release|Any CPU
		{DFE92215-3A1E-4B4E-88BB-A6BC581AC93E}.Debug|Any CPU.ActiveCfg = Debug|Any CPU
		{DFE92215-3A1E-4B4E-88BB-A6BC581AC93E}.Debug|Any CPU.Build.0 = Debug|Any CPU
		{DFE92215-3A1E-4B4E-88BB-A6BC581AC93E}.Debug|x64.ActiveCfg = Debug|Any CPU
		{DFE92215-3A1E-4B4E-88BB-A6BC581AC93E}.Debug|x64.Build.0 = Debug|Any CPU
		{DFE92215-3A1E-4B4E-88BB-A6BC581AC93E}.Debug|x86.ActiveCfg = Debug|Any CPU
		{DFE92215-3A1E-4B4E-88BB-A6BC581AC93E}.Debug|x86.Build.0 = Debug|Any CPU
		{DFE92215-3A1E-4B4E-88BB-A6BC581AC93E}.Release|Any CPU.ActiveCfg = Release|Any CPU
		{DFE92215-3A1E-4B4E-88BB-A6BC581AC93E}.Release|Any CPU.Build.0 = Release|Any CPU
		{DFE92215-3A1E-4B4E-88BB-A6BC581AC93E}.Release|x64.ActiveCfg = Release|Any CPU
		{DFE92215-3A1E-4B4E-88BB-A6BC581AC93E}.Release|x64.Build.0 = Release|Any CPU
		{DFE92215-3A1E-4B4E-88BB-A6BC581AC93E}.Release|x86.ActiveCfg = Release|Any CPU
		{DFE92215-3A1E-4B4E-88BB-A6BC581AC93E}.Release|x86.Build.0 = Release|Any CPU
		{AAF2D46D-1D22-4D1E-8F80-55209B70B33E}.Debug|Any CPU.ActiveCfg = Debug|Any CPU
		{AAF2D46D-1D22-4D1E-8F80-55209B70B33E}.Debug|Any CPU.Build.0 = Debug|Any CPU
		{AAF2D46D-1D22-4D1E-8F80-55209B70B33E}.Debug|x64.ActiveCfg = Debug|Any CPU
		{AAF2D46D-1D22-4D1E-8F80-55209B70B33E}.Debug|x64.Build.0 = Debug|Any CPU
		{AAF2D46D-1D22-4D1E-8F80-55209B70B33E}.Debug|x86.ActiveCfg = Debug|Any CPU
		{AAF2D46D-1D22-4D1E-8F80-55209B70B33E}.Debug|x86.Build.0 = Debug|Any CPU
		{AAF2D46D-1D22-4D1E-8F80-55209B70B33E}.Release|Any CPU.ActiveCfg = Release|Any CPU
		{AAF2D46D-1D22-4D1E-8F80-55209B70B33E}.Release|Any CPU.Build.0 = Release|Any CPU
		{AAF2D46D-1D22-4D1E-8F80-55209B70B33E}.Release|x64.ActiveCfg = Release|Any CPU
		{AAF2D46D-1D22-4D1E-8F80-55209B70B33E}.Release|x64.Build.0 = Release|Any CPU
		{AAF2D46D-1D22-4D1E-8F80-55209B70B33E}.Release|x86.ActiveCfg = Release|Any CPU
		{AAF2D46D-1D22-4D1E-8F80-55209B70B33E}.Release|x86.Build.0 = Release|Any CPU
		{6ED7E6F2-158F-44C2-8D60-F74198F6EF00}.Debug|Any CPU.ActiveCfg = Debug|Any CPU
		{6ED7E6F2-158F-44C2-8D60-F74198F6EF00}.Debug|Any CPU.Build.0 = Debug|Any CPU
		{6ED7E6F2-158F-44C2-8D60-F74198F6EF00}.Debug|x64.ActiveCfg = Debug|Any CPU
		{6ED7E6F2-158F-44C2-8D60-F74198F6EF00}.Debug|x64.Build.0 = Debug|Any CPU
		{6ED7E6F2-158F-44C2-8D60-F74198F6EF00}.Debug|x86.ActiveCfg = Debug|Any CPU
		{6ED7E6F2-158F-44C2-8D60-F74198F6EF00}.Debug|x86.Build.0 = Debug|Any CPU
		{6ED7E6F2-158F-44C2-8D60-F74198F6EF00}.Release|Any CPU.ActiveCfg = Release|Any CPU
		{6ED7E6F2-158F-44C2-8D60-F74198F6EF00}.Release|Any CPU.Build.0 = Release|Any CPU
		{6ED7E6F2-158F-44C2-8D60-F74198F6EF00}.Release|x64.ActiveCfg = Release|Any CPU
		{6ED7E6F2-158F-44C2-8D60-F74198F6EF00}.Release|x64.Build.0 = Release|Any CPU
		{6ED7E6F2-158F-44C2-8D60-F74198F6EF00}.Release|x86.ActiveCfg = Release|Any CPU
		{6ED7E6F2-158F-44C2-8D60-F74198F6EF00}.Release|x86.Build.0 = Release|Any CPU
		{347B9043-0E5F-4133-B81D-D4675DCF3B76}.Debug|Any CPU.ActiveCfg = Debug|Any CPU
		{347B9043-0E5F-4133-B81D-D4675DCF3B76}.Debug|Any CPU.Build.0 = Debug|Any CPU
		{347B9043-0E5F-4133-B81D-D4675DCF3B76}.Debug|x64.ActiveCfg = Debug|Any CPU
		{347B9043-0E5F-4133-B81D-D4675DCF3B76}.Debug|x64.Build.0 = Debug|Any CPU
		{347B9043-0E5F-4133-B81D-D4675DCF3B76}.Debug|x86.ActiveCfg = Debug|Any CPU
		{347B9043-0E5F-4133-B81D-D4675DCF3B76}.Debug|x86.Build.0 = Debug|Any CPU
		{347B9043-0E5F-4133-B81D-D4675DCF3B76}.Release|Any CPU.ActiveCfg = Release|Any CPU
		{347B9043-0E5F-4133-B81D-D4675DCF3B76}.Release|Any CPU.Build.0 = Release|Any CPU
		{347B9043-0E5F-4133-B81D-D4675DCF3B76}.Release|x64.ActiveCfg = Release|Any CPU
		{347B9043-0E5F-4133-B81D-D4675DCF3B76}.Release|x64.Build.0 = Release|Any CPU
		{347B9043-0E5F-4133-B81D-D4675DCF3B76}.Release|x86.ActiveCfg = Release|Any CPU
		{347B9043-0E5F-4133-B81D-D4675DCF3B76}.Release|x86.Build.0 = Release|Any CPU
		{764B59B4-4C8D-4D71-B003-9ED5589430D8}.Debug|Any CPU.ActiveCfg = Debug|Any CPU
		{764B59B4-4C8D-4D71-B003-9ED5589430D8}.Debug|Any CPU.Build.0 = Debug|Any CPU
		{764B59B4-4C8D-4D71-B003-9ED5589430D8}.Debug|x64.ActiveCfg = Debug|Any CPU
		{764B59B4-4C8D-4D71-B003-9ED5589430D8}.Debug|x64.Build.0 = Debug|Any CPU
		{764B59B4-4C8D-4D71-B003-9ED5589430D8}.Debug|x86.ActiveCfg = Debug|Any CPU
		{764B59B4-4C8D-4D71-B003-9ED5589430D8}.Debug|x86.Build.0 = Debug|Any CPU
		{764B59B4-4C8D-4D71-B003-9ED5589430D8}.Release|Any CPU.ActiveCfg = Release|Any CPU
		{764B59B4-4C8D-4D71-B003-9ED5589430D8}.Release|Any CPU.Build.0 = Release|Any CPU
		{764B59B4-4C8D-4D71-B003-9ED5589430D8}.Release|x64.ActiveCfg = Release|Any CPU
		{764B59B4-4C8D-4D71-B003-9ED5589430D8}.Release|x64.Build.0 = Release|Any CPU
		{764B59B4-4C8D-4D71-B003-9ED5589430D8}.Release|x86.ActiveCfg = Release|Any CPU
		{764B59B4-4C8D-4D71-B003-9ED5589430D8}.Release|x86.Build.0 = Release|Any CPU
		{C714DD4E-EE9D-4E3A-B541-A8A99A0A77E1}.Debug|Any CPU.ActiveCfg = Debug|Any CPU
		{C714DD4E-EE9D-4E3A-B541-A8A99A0A77E1}.Debug|Any CPU.Build.0 = Debug|Any CPU
		{C714DD4E-EE9D-4E3A-B541-A8A99A0A77E1}.Debug|x64.ActiveCfg = Debug|Any CPU
		{C714DD4E-EE9D-4E3A-B541-A8A99A0A77E1}.Debug|x64.Build.0 = Debug|Any CPU
		{C714DD4E-EE9D-4E3A-B541-A8A99A0A77E1}.Debug|x86.ActiveCfg = Debug|Any CPU
		{C714DD4E-EE9D-4E3A-B541-A8A99A0A77E1}.Debug|x86.Build.0 = Debug|Any CPU
		{C714DD4E-EE9D-4E3A-B541-A8A99A0A77E1}.Release|Any CPU.ActiveCfg = Release|Any CPU
		{C714DD4E-EE9D-4E3A-B541-A8A99A0A77E1}.Release|Any CPU.Build.0 = Release|Any CPU
		{C714DD4E-EE9D-4E3A-B541-A8A99A0A77E1}.Release|x64.ActiveCfg = Release|Any CPU
		{C714DD4E-EE9D-4E3A-B541-A8A99A0A77E1}.Release|x64.Build.0 = Release|Any CPU
		{C714DD4E-EE9D-4E3A-B541-A8A99A0A77E1}.Release|x86.ActiveCfg = Release|Any CPU
		{C714DD4E-EE9D-4E3A-B541-A8A99A0A77E1}.Release|x86.Build.0 = Release|Any CPU
		{BE9375E3-8EF9-4FB9-88B5-726B4148DA63}.Debug|Any CPU.ActiveCfg = Debug|Any CPU
		{BE9375E3-8EF9-4FB9-88B5-726B4148DA63}.Debug|Any CPU.Build.0 = Debug|Any CPU
		{BE9375E3-8EF9-4FB9-88B5-726B4148DA63}.Debug|x64.ActiveCfg = Debug|Any CPU
		{BE9375E3-8EF9-4FB9-88B5-726B4148DA63}.Debug|x64.Build.0 = Debug|Any CPU
		{BE9375E3-8EF9-4FB9-88B5-726B4148DA63}.Debug|x86.ActiveCfg = Debug|Any CPU
		{BE9375E3-8EF9-4FB9-88B5-726B4148DA63}.Debug|x86.Build.0 = Debug|Any CPU
		{BE9375E3-8EF9-4FB9-88B5-726B4148DA63}.Release|Any CPU.ActiveCfg = Release|Any CPU
		{BE9375E3-8EF9-4FB9-88B5-726B4148DA63}.Release|Any CPU.Build.0 = Release|Any CPU
		{BE9375E3-8EF9-4FB9-88B5-726B4148DA63}.Release|x64.ActiveCfg = Release|Any CPU
		{BE9375E3-8EF9-4FB9-88B5-726B4148DA63}.Release|x64.Build.0 = Release|Any CPU
		{BE9375E3-8EF9-4FB9-88B5-726B4148DA63}.Release|x86.ActiveCfg = Release|Any CPU
		{BE9375E3-8EF9-4FB9-88B5-726B4148DA63}.Release|x86.Build.0 = Release|Any CPU
		{5883C8EA-B6E7-4061-A6A6-9B196FC257C3}.Debug|Any CPU.ActiveCfg = Debug|Any CPU
		{5883C8EA-B6E7-4061-A6A6-9B196FC257C3}.Debug|Any CPU.Build.0 = Debug|Any CPU
		{5883C8EA-B6E7-4061-A6A6-9B196FC257C3}.Debug|x64.ActiveCfg = Debug|Any CPU
		{5883C8EA-B6E7-4061-A6A6-9B196FC257C3}.Debug|x64.Build.0 = Debug|Any CPU
		{5883C8EA-B6E7-4061-A6A6-9B196FC257C3}.Debug|x86.ActiveCfg = Debug|Any CPU
		{5883C8EA-B6E7-4061-A6A6-9B196FC257C3}.Debug|x86.Build.0 = Debug|Any CPU
		{5883C8EA-B6E7-4061-A6A6-9B196FC257C3}.Release|Any CPU.ActiveCfg = Release|Any CPU
		{5883C8EA-B6E7-4061-A6A6-9B196FC257C3}.Release|Any CPU.Build.0 = Release|Any CPU
		{5883C8EA-B6E7-4061-A6A6-9B196FC257C3}.Release|x64.ActiveCfg = Release|Any CPU
		{5883C8EA-B6E7-4061-A6A6-9B196FC257C3}.Release|x64.Build.0 = Release|Any CPU
		{5883C8EA-B6E7-4061-A6A6-9B196FC257C3}.Release|x86.ActiveCfg = Release|Any CPU
		{5883C8EA-B6E7-4061-A6A6-9B196FC257C3}.Release|x86.Build.0 = Release|Any CPU
		{16F5028C-44CA-4518-8655-D4A80C22B9DD}.Debug|Any CPU.ActiveCfg = Debug|Any CPU
		{16F5028C-44CA-4518-8655-D4A80C22B9DD}.Debug|Any CPU.Build.0 = Debug|Any CPU
		{16F5028C-44CA-4518-8655-D4A80C22B9DD}.Debug|x64.ActiveCfg = Debug|Any CPU
		{16F5028C-44CA-4518-8655-D4A80C22B9DD}.Debug|x64.Build.0 = Debug|Any CPU
		{16F5028C-44CA-4518-8655-D4A80C22B9DD}.Debug|x86.ActiveCfg = Debug|Any CPU
		{16F5028C-44CA-4518-8655-D4A80C22B9DD}.Debug|x86.Build.0 = Debug|Any CPU
		{16F5028C-44CA-4518-8655-D4A80C22B9DD}.Release|Any CPU.ActiveCfg = Release|Any CPU
		{16F5028C-44CA-4518-8655-D4A80C22B9DD}.Release|Any CPU.Build.0 = Release|Any CPU
		{16F5028C-44CA-4518-8655-D4A80C22B9DD}.Release|x64.ActiveCfg = Release|Any CPU
		{16F5028C-44CA-4518-8655-D4A80C22B9DD}.Release|x64.Build.0 = Release|Any CPU
		{16F5028C-44CA-4518-8655-D4A80C22B9DD}.Release|x86.ActiveCfg = Release|Any CPU
		{16F5028C-44CA-4518-8655-D4A80C22B9DD}.Release|x86.Build.0 = Release|Any CPU
	EndGlobalSection
	GlobalSection(SolutionProperties) = preSolution
		HideSolutionNode = FALSE
	EndGlobalSection
EndGlobal
